
Microsoft Visual Studio Solution File, Format Version 12.00
# Visual Studio Version 17
VisualStudioVersion = 17.6.33513.286
MinimumVisualStudioVersion = 10.0.40219.1
Project("{9A19103F-16F7-4668-BE54-9A1E7A4F7556}") = "EdgeService.gRPC", "EdgeService.gRPC\EdgeService.gRPC.csproj", "{AD69DB1D-7133-4FB7-B360-00BFAAC3BC0C}"
EndProject
Project("{9A19103F-16F7-4668-BE54-9A1E7A4F7556}") = "EdgeService.gRPC.CloudConnector", "EdgeService.gRPC.CloudConnector\EdgeService.gRPC.CloudConnector.csproj", "{CFEBE8F7-DA84-48DF-8C28-7BBF25E38D69}"
EndProject
Project("{2150E333-8FDC-42A3-9474-1A3956D46DE8}") = "Solution Items", "Solution Items", "{96555AEA-8D28-47B8-89DB-C9B8A2D9FEFF}"
	ProjectSection(SolutionItems) = preProject
		.editorconfig = .editorconfig
	EndProjectSection
EndProject
Project("{9A19103F-16F7-4668-BE54-9A1E7A4F7556}") = "EdgeService.UnitTests", "EdgeService.UnitTests\EdgeService.UnitTests.csproj", "{80AA9270-51D9-4777-8D16-90A1AC8D1FCB}"
EndProject
Project("{9A19103F-16F7-4668-BE54-9A1E7A4F7556}") = "CommonModule.Protos", "..\CommonModule.Protos\CommonModule.Protos.csproj", "{7EE37AE1-23CE-4289-B7E3-62C80F89379D}"
EndProject
Global
	GlobalSection(SolutionConfigurationPlatforms) = preSolution
		Debug|Any CPU = Debug|Any CPU
		Release|Any CPU = Release|Any CPU
	EndGlobalSection
	GlobalSection(ProjectConfigurationPlatforms) = postSolution
		{AD69DB1D-7133-4FB7-B360-00BFAAC3BC0C}.Debug|Any CPU.ActiveCfg = Debug|Any CPU
		{AD69DB1D-7133-4FB7-B360-00BFAAC3BC0C}.Debug|Any CPU.Build.0 = Debug|Any CPU
		{AD69DB1D-7133-4FB7-B360-00BFAAC3BC0C}.Release|Any CPU.ActiveCfg = Release|Any CPU
		{AD69DB1D-7133-4FB7-B360-00BFAAC3BC0C}.Release|Any CPU.Build.0 = Release|Any CPU
		{CFEBE8F7-DA84-48DF-8C28-7BBF25E38D69}.Debug|Any CPU.ActiveCfg = Debug|Any CPU
		{CFEBE8F7-DA84-48DF-8C28-7BBF25E38D69}.Debug|Any CPU.Build.0 = Debug|Any CPU
		{CFEBE8F7-DA84-48DF-8C28-7BBF25E38D69}.Release|Any CPU.ActiveCfg = Release|Any CPU
		{CFEBE8F7-DA84-48DF-8C28-7BBF25E38D69}.Release|Any CPU.Build.0 = Release|Any CPU
		{80AA9270-51D9-4777-8D16-90A1AC8D1FCB}.Debug|Any CPU.ActiveCfg = Debug|Any CPU
		{80AA9270-51D9-4777-8D16-90A1AC8D1FCB}.Debug|Any CPU.Build.0 = Debug|Any CPU
		{80AA9270-51D9-4777-8D16-90A1AC8D1FCB}.Release|Any CPU.ActiveCfg = Release|Any CPU
		{80AA9270-51D9-4777-8D16-90A1AC8D1FCB}.Release|Any CPU.Build.0 = Release|Any CPU
		{7EE37AE1-23CE-4289-B7E3-62C80F89379D}.Debug|Any CPU.ActiveCfg = Debug|Any CPU
		{7EE37AE1-23CE-4289-B7E3-62C80F89379D}.Debug|Any CPU.Build.0 = Debug|Any CPU
		{7EE37AE1-23CE-4289-B7E3-62C80F89379D}.Release|Any CPU.ActiveCfg = Release|Any CPU
		{7EE37AE1-23CE-4289-B7E3-62C80F89379D}.Release|Any CPU.Build.0 = Release|Any CPU
	EndGlobalSection
	GlobalSection(SolutionProperties) = preSolution
		HideSolutionNode = FALSE
	EndGlobalSection
	GlobalSection(ExtensibilityGlobals) = postSolution
		SolutionGuid = {20502250-B692-4087-85A5-552E36328F16}
	EndGlobalSection
EndGlobal
